
Microsoft Visual Studio Solution File, Format Version 12.00
# Visual Studio Version 17
VisualStudioVersion = 17.5.002.0
MinimumVisualStudioVersion = 10.0.40219.1
Project("{9A19103F-16F7-4668-BE54-9A1E7A4F7556}") = "Codigo_Fonte", "Codigo_Fonte.csproj", "{D1EBAF29-1D65-4669-8D14-7DB7A8B4E765}"
EndProject
Global
	GlobalSection(SolutionConfigurationPlatforms) = preSolution
		Debug|Any CPU = Debug|Any CPU
		Release|Any CPU = Release|Any CPU
	EndGlobalSection
	GlobalSection(ProjectConfigurationPlatforms) = postSolution
		{D1EBAF29-1D65-4669-8D14-7DB7A8B4E765}.Debug|Any CPU.ActiveCfg = Debug|Any CPU
		{D1EBAF29-1D65-4669-8D14-7DB7A8B4E765}.Debug|Any CPU.Build.0 = Debug|Any CPU
		{D1EBAF29-1D65-4669-8D14-7DB7A8B4E765}.Release|Any CPU.ActiveCfg = Release|Any CPU
		{D1EBAF29-1D65-4669-8D14-7DB7A8B4E765}.Release|Any CPU.Build.0 = Release|Any CPU
	EndGlobalSection
	GlobalSection(SolutionProperties) = preSolution
		HideSolutionNode = FALSE
	EndGlobalSection
	GlobalSection(ExtensibilityGlobals) = postSolution
		SolutionGuid = {7550D2D3-25D7-43F9-8711-1040A5E51304}
	EndGlobalSection
EndGlobal
